
Microsoft Visual Studio Solution File, Format Version 12.00
Project("{FAE04EC0-301F-11D3-BF4B-00C04F79EFBC}") = "DailyHeil.Functions", "DailyHeil.Functions.csproj", "{63A97C8B-0563-4718-9089-62A74D7C3A07}"
EndProject
Global
	GlobalSection(SolutionConfigurationPlatforms) = preSolution
		Debug|Any CPU = Debug|Any CPU
		Release|Any CPU = Release|Any CPU
	EndGlobalSection
	GlobalSection(ProjectConfigurationPlatforms) = postSolution
		{63A97C8B-0563-4718-9089-62A74D7C3A07}.Debug|Any CPU.ActiveCfg = Debug|Any CPU
		{63A97C8B-0563-4718-9089-62A74D7C3A07}.Debug|Any CPU.Build.0 = Debug|Any CPU
		{63A97C8B-0563-4718-9089-62A74D7C3A07}.Release|Any CPU.ActiveCfg = Release|Any CPU
		{63A97C8B-0563-4718-9089-62A74D7C3A07}.Release|Any CPU.Build.0 = Release|Any CPU
	EndGlobalSection
EndGlobal
